// !$*UTF8*$!
{
	archiveVersion = 1;
	classes = {
	};
	objectVersion = 46;
	objects = {

/* Begin PBXBuildFile section */
		201137C11EA1786D0085FD0C /* tb_controller.swift in Sources */ = {isa = PBXBuildFile; fileRef = 201137C01EA1786D0085FD0C /* tb_controller.swift */; };
		201137C31EA1A3A90085FD0C /* reference.swift in Sources */ = {isa = PBXBuildFile; fileRef = 201137C21EA1A3A90085FD0C /* reference.swift */; };
		267098C91E9700CC0063A42E /* AppDelegate.swift in Sources */ = {isa = PBXBuildFile; fileRef = 267098C81E9700CC0063A42E /* AppDelegate.swift */; };
		267098CB1E9700CC0063A42E /* ViewController.swift in Sources */ = {isa = PBXBuildFile; fileRef = 267098CA1E9700CC0063A42E /* ViewController.swift */; };
		267098CE1E9700CC0063A42E /* Main.storyboard in Resources */ = {isa = PBXBuildFile; fileRef = 267098CC1E9700CC0063A42E /* Main.storyboard */; };
		267098D01E9700CC0063A42E /* Assets.xcassets in Resources */ = {isa = PBXBuildFile; fileRef = 267098CF1E9700CC0063A42E /* Assets.xcassets */; };
		267098D31E9700CC0063A42E /* LaunchScreen.storyboard in Resources */ = {isa = PBXBuildFile; fileRef = 267098D11E9700CC0063A42E /* LaunchScreen.storyboard */; };
		26F4076B1E97503B00D3A63E /* QuestionViewController.swift in Sources */ = {isa = PBXBuildFile; fileRef = 26F4076A1E97503B00D3A63E /* QuestionViewController.swift */; };
/* End PBXBuildFile section */

/* Begin PBXFileReference section */
		201137C01EA1786D0085FD0C /* tb_controller.swift */ = {isa = PBXFileReference; fileEncoding = 4; lastKnownFileType = sourcecode.swift; path = tb_controller.swift; sourceTree = "<group>"; };
		201137C21EA1A3A90085FD0C /* reference.swift */ = {isa = PBXFileReference; fileEncoding = 4; lastKnownFileType = sourcecode.swift; path = reference.swift; sourceTree = "<group>"; };
		267098C51E9700CC0063A42E /* ServiceMe!.app */ = {isa = PBXFileReference; explicitFileType = wrapper.application; includeInIndex = 0; path = "ServiceMe!.app"; sourceTree = BUILT_PRODUCTS_DIR; };
		267098C81E9700CC0063A42E /* AppDelegate.swift */ = {isa = PBXFileReference; lastKnownFileType = sourcecode.swift; path = AppDelegate.swift; sourceTree = "<group>"; };
		267098CA1E9700CC0063A42E /* ViewController.swift */ = {isa = PBXFileReference; lastKnownFileType = sourcecode.swift; path = ViewController.swift; sourceTree = "<group>"; };
		267098CD1E9700CC0063A42E /* Base */ = {isa = PBXFileReference; lastKnownFileType = file.storyboard; name = Base; path = Base.lproj/Main.storyboard; sourceTree = "<group>"; };
		267098CF1E9700CC0063A42E /* Assets.xcassets */ = {isa = PBXFileReference; lastKnownFileType = folder.assetcatalog; path = Assets.xcassets; sourceTree = "<group>"; };
		267098D21E9700CC0063A42E /* Base */ = {isa = PBXFileReference; lastKnownFileType = file.storyboard; name = Base; path = Base.lproj/LaunchScreen.storyboard; sourceTree = "<group>"; };
		267098D41E9700CC0063A42E /* Info.plist */ = {isa = PBXFileReference; lastKnownFileType = text.plist.xml; path = Info.plist; sourceTree = "<group>"; };
		26F4076A1E97503B00D3A63E /* QuestionViewController.swift */ = {isa = PBXFileReference; fileEncoding = 4; lastKnownFileType = sourcecode.swift; path = QuestionViewController.swift; sourceTree = "<group>"; };
/* End PBXFileReference section */

/* Begin PBXFrameworksBuildPhase section */
		267098C21E9700CC0063A42E /* Frameworks */ = {
			isa = PBXFrameworksBuildPhase;
			buildActionMask = 2147483647;
			files = (
			);
			runOnlyForDeploymentPostprocessing = 0;
		};
/* End PBXFrameworksBuildPhase section */

/* Begin PBXGroup section */
		267098BC1E9700CC0063A42E = {
			isa = PBXGroup;
			children = (
				267098C71E9700CC0063A42E /* ServiceMe! */,
				267098C61E9700CC0063A42E /* Products */,
			);
			sourceTree = "<group>";
		};
		267098C61E9700CC0063A42E /* Products */ = {
			isa = PBXGroup;
			children = (
				267098C51E9700CC0063A42E /* ServiceMe!.app */,
			);
			name = Products;
			sourceTree = "<group>";
		};
		267098C71E9700CC0063A42E /* ServiceMe! */ = {
			isa = PBXGroup;
			children = (
				267098C81E9700CC0063A42E /* AppDelegate.swift */,
				267098CA1E9700CC0063A42E /* ViewController.swift */,
				267098CC1E9700CC0063A42E /* Main.storyboard */,
				26F4076A1E97503B00D3A63E /* QuestionViewController.swift */,
				267098CF1E9700CC0063A42E /* Assets.xcassets */,
				267098D11E9700CC0063A42E /* LaunchScreen.storyboard */,
				201137C21EA1A3A90085FD0C /* reference.swift */,
				267098D41E9700CC0063A42E /* Info.plist */,
				201137C01EA1786D0085FD0C /* tb_controller.swift */,
			);
			path = "ServiceMe!";
			sourceTree = "<group>";
		};
/* End PBXGroup section */

/* Begin PBXNativeTarget section */
		267098C41E9700CC0063A42E /* ServiceMe! */ = {
			isa = PBXNativeTarget;
			buildConfigurationList = 267098D71E9700CC0063A42E /* Build configuration list for PBXNativeTarget "ServiceMe!" */;
			buildPhases = (
				267098C11E9700CC0063A42E /* Sources */,
				267098C21E9700CC0063A42E /* Frameworks */,
				267098C31E9700CC0063A42E /* Resources */,
			);
			buildRules = (
			);
			dependencies = (
			);
			name = "ServiceMe!";
			productName = "ServiceMe!";
			productReference = 267098C51E9700CC0063A42E /* ServiceMe!.app */;
			productType = "com.apple.product-type.application";
		};
/* End PBXNativeTarget section */

/* Begin PBXProject section */
		267098BD1E9700CC0063A42E /* Project object */ = {
			isa = PBXProject;
			attributes = {
				LastSwiftUpdateCheck = 0820;
				LastUpgradeCheck = 0820;
				ORGANIZATIONNAME = "George&Evan";
				TargetAttributes = {
					267098C41E9700CC0063A42E = {
						CreatedOnToolsVersion = 8.2;
						DevelopmentTeam = W2M8YN4FEH;
						ProvisioningStyle = Automatic;
					};
				};
			};
			buildConfigurationList = 267098C01E9700CC0063A42E /* Build configuration list for PBXProject "ServiceMe!" */;
			compatibilityVersion = "Xcode 3.2";
			developmentRegion = English;
			hasScannedForEncodings = 0;
			knownRegions = (
				en,
				Base,
			);
			mainGroup = 267098BC1E9700CC0063A42E;
			productRefGroup = 267098C61E9700CC0063A42E /* Products */;
			projectDirPath = "";
			projectRoot = "";
			targets = (
				267098C41E9700CC0063A42E /* ServiceMe! */,
			);
		};
/* End PBXProject section */

/* Begin PBXResourcesBuildPhase section */
		267098C31E9700CC0063A42E /* Resources */ = {
			isa = PBXResourcesBuildPhase;
			buildActionMask = 2147483647;
			files = (
				267098D31E9700CC0063A42E /* LaunchScreen.storyboard in Resources */,
				267098D01E9700CC0063A42E /* Assets.xcassets in Resources */,
				267098CE1E9700CC0063A42E /* Main.storyboard in Resources */,
			);
			runOnlyForDeploymentPostprocessing = 0;
		};
/* End PBXResourcesBuildPhase section */

/* Begin PBXSourcesBuildPhase section */
		267098C11E9700CC0063A42E /* Sources */ = {
			isa = PBXSourcesBuildPhase;
			buildActionMask = 2147483647;
			files = (
				267098CB1E9700CC0063A42E /* ViewController.swift in Sources */,
				267098C91E9700CC0063A42E /* AppDelegate.swift in Sources */,
				26F4076B1E97503B00D3A63E /* QuestionViewController.swift in Sources */,
				201137C11EA1786D0085FD0C /* tb_controller.swift in Sources */,
				201137C31EA1A3A90085FD0C /* reference.swift in Sources */,
			);
			runOnlyForDeploymentPostprocessing = 0;
		};
/* End PBXSourcesBuildPhase section */

/* Begin PBXVariantGroup section */
		267098CC1E9700CC0063A42E /* Main.storyboard */ = {
			isa = PBXVariantGroup;
			children = (
				267098CD1E9700CC0063A42E /* Base */,
			);
			name = Main.storyboard;
			sourceTree = "<group>";
		};
		267098D11E9700CC0063A42E /* LaunchScreen.storyboard */ = {
			isa = PBXVariantGroup;
			children = (
				267098D21E9700CC0063A42E /* Base */,
			);
			name = LaunchScreen.storyboard;
			sourceTree = "<group>";
		};
/* End PBXVariantGroup section */

/* Begin XCBuildConfiguration section */
		267098D51E9700CC0063A42E /* Debug */ = {
			isa = XCBuildConfiguration;
			buildSettings = {
				ALWAYS_SEARCH_USER_PATHS = NO;
				CLANG_ANALYZER_NONNULL = YES;
				CLANG_CXX_LANGUAGE_STANDARD = "gnu++0x";
				CLANG_CXX_LIBRARY = "libc++";
				CLANG_ENABLE_MODULES = YES;
				CLANG_ENABLE_OBJC_ARC = YES;
				CLANG_WARN_BOOL_CONVERSION = YES;
				CLANG_WARN_CONSTANT_CONVERSION = YES;
				CLANG_WARN_DIRECT_OBJC_ISA_USAGE = YES_ERROR;
				CLANG_WARN_DOCUMENTATION_COMMENTS = YES;
				CLANG_WARN_EMPTY_BODY = YES;
				CLANG_WARN_ENUM_CONVERSION = YES;
				CLANG_WARN_INFINITE_RECURSION = YES;
				CLANG_WARN_INT_CONVERSION = YES;
				CLANG_WARN_OBJC_ROOT_CLASS = YES_ERROR;
				CLANG_WARN_SUSPICIOUS_MOVE = YES;
				CLANG_WARN_UNREACHABLE_CODE = YES;
				CLANG_WARN__DUPLICATE_METHOD_MATCH = YES;
				"CODE_SIGN_IDENTITY[sdk=iphoneos*]" = "iPhone Developer";
				COPY_PHASE_STRIP = NO;
				DEBUG_INFORMATION_FORMAT = dwarf;
				ENABLE_STRICT_OBJC_MSGSEND = YES;
				ENABLE_TESTABILITY = YES;
				GCC_C_LANGUAGE_STANDARD = gnu99;
				GCC_DYNAMIC_NO_PIC = NO;
				GCC_NO_COMMON_BLOCKS = YES;
				GCC_OPTIMIZATION_LEVEL = 0;
				GCC_PREPROCESSOR_DEFINITIONS = (
					"DEBUG=1",
					"$(inherited)",
				);
				GCC_WARN_64_TO_32_BIT_CONVERSION = YES;
				GCC_WARN_ABOUT_RETURN_TYPE = YES_ERROR;
				GCC_WARN_UNDECLARED_SELECTOR = YES;
				GCC_WARN_UNINITIALIZED_AUTOS = YES_AGGRESSIVE;
				GCC_WARN_UNUSED_FUNCTION = YES;
				GCC_WARN_UNUSED_VARIABLE = YES;
				IPHONEOS_DEPLOYMENT_TARGET = 10.2;
				MTL_ENABLE_DEBUG_INFO = YES;
				ONLY_ACTIVE_ARCH = YES;
				SDKROOT = iphoneos;
				SWIFT_ACTIVE_COMPILATION_CONDITIONS = DEBUG;
				SWIFT_OPTIMIZATION_LEVEL = "-Onone";
				TARGETED_DEVICE_FAMILY = "1,2";
			};
			name = Debug;
		};
		267098D61E9700CC0063A42E /* Release */ = {
			isa = XCBuildConfiguration;
			buildSettings = {
				ALWAYS_SEARCH_USER_PATHS = NO;
				CLANG_ANALYZER_NONNULL = YES;
				CLANG_CXX_LANGUAGE_STANDARD = "gnu++0x";
				CLANG_CXX_LIBRARY = "libc++";
				CLANG_ENABLE_MODULES = YES;
				CLANG_ENABLE_OBJC_ARC = YES;
				CLANG_WARN_BOOL_CONVERSION = YES;
				CLANG_WARN_CONSTANT_CONVERSION = YES;
				CLANG_WARN_DIRECT_OBJC_ISA_USAGE = YES_ERROR;
				CLANG_WARN_DOCUMENTATION_COMMENTS = YES;
				CLANG_WARN_EMPTY_BODY = YES;
				CLANG_WARN_ENUM_CONVERSION = YES;
				CLANG_WARN_INFINITE_RECURSION = YES;
				CLANG_WARN_INT_CONVERSION = YES;
				CLANG_WARN_OBJC_ROOT_CLASS = YES_ERROR;
				CLANG_WARN_SUSPICIOUS_MOVE = YES;
				CLANG_WARN_UNREACHABLE_CODE = YES;
				CLANG_WARN__DUPLICATE_METHOD_MATCH = YES;
				"CODE_SIGN_IDENTITY[sdk=iphoneos*]" = "iPhone Developer";
				COPY_PHASE_STRIP = NO;
				DEBUG_INFORMATION_FORMAT = "dwarf-with-dsym";
				ENABLE_NS_ASSERTIONS = NO;
				ENABLE_STRICT_OBJC_MSGSEND = YES;
				GCC_C_LANGUAGE_STANDARD = gnu99;
				GCC_NO_COMMON_BLOCKS = YES;
				GCC_WARN_64_TO_32_BIT_CONVERSION = YES;
				GCC_WARN_ABOUT_RETURN_TYPE = YES_ERROR;
				GCC_WARN_UNDECLARED_SELECTOR = YES;
				GCC_WARN_UNINITIALIZED_AUTOS = YES_AGGRESSIVE;
				GCC_WARN_UNUSED_FUNCTION = YES;
				GCC_WARN_UNUSED_VARIABLE = YES;
				IPHONEOS_DEPLOYMENT_TARGET = 10.2;
				MTL_ENABLE_DEBUG_INFO = NO;
				SDKROOT = iphoneos;
				SWIFT_OPTIMIZATION_LEVEL = "-Owholemodule";
				TARGETED_DEVICE_FAMILY = "1,2";
				VALIDATE_PRODUCT = YES;
			};
			name = Release;
		};
		267098D81E9700CC0063A42E /* Debug */ = {
			isa = XCBuildConfiguration;
			buildSettings = {
				ASSETCATALOG_COMPILER_APPICON_NAME = AppIcon;
				"CODE_SIGN_IDENTITY[sdk=iphoneos*]" = "iPhone Developer";
				DEVELOPMENT_TEAM = W2M8YN4FEH;
				INFOPLIST_FILE = "ServiceMe!/Info.plist";
				LD_RUNPATH_SEARCH_PATHS = "$(inherited) @executable_path/Frameworks";
				PRODUCT_BUNDLE_IDENTIFIER = "George-Evan.ServiceMe-";
				PRODUCT_NAME = "$(TARGET_NAME)";
				SWIFT_VERSION = 3.0;
			};
			name = Debug;
		};
		267098D91E9700CC0063A42E /* Release */ = {
			isa = XCBuildConfiguration;
			buildSettings = {
				ASSETCATALOG_COMPILER_APPICON_NAME = AppIcon;
				"CODE_SIGN_IDENTITY[sdk=iphoneos*]" = "iPhone Developer";
				DEVELOPMENT_TEAM = W2M8YN4FEH;
				INFOPLIST_FILE = "ServiceMe!/Info.plist";
				LD_RUNPATH_SEARCH_PATHS = "$(inherited) @executable_path/Frameworks";
				PRODUCT_BUNDLE_IDENTIFIER = "George-Evan.ServiceMe-";
				PRODUCT_NAME = "$(TARGET_NAME)";
				SWIFT_VERSION = 3.0;
			};
			name = Release;
		};
/* End XCBuildConfiguration section */

/* Begin XCConfigurationList section */
		267098C01E9700CC0063A42E /* Build configuration list for PBXProject "ServiceMe!" */ = {
			isa = XCConfigurationList;
			buildConfigurations = (
				267098D51E9700CC0063A42E /* Debug */,
				267098D61E9700CC0063A42E /* Release */,
			);
			defaultConfigurationIsVisible = 0;
			defaultConfigurationName = Release;
		};
		267098D71E9700CC0063A42E /* Build configuration list for PBXNativeTarget "ServiceMe!" */ = {
			isa = XCConfigurationList;
			buildConfigurations = (
				267098D81E9700CC0063A42E /* Debug */,
				267098D91E9700CC0063A42E /* Release */,
			);
			defaultConfigurationIsVisible = 0;
			defaultConfigurationName = Release;
		};
/* End XCConfigurationList section */
	};
	rootObject = 267098BD1E9700CC0063A42E /* Project object */;
}
